
Microsoft Visual Studio Solution File, Format Version 12.00
# Visual Studio Version 17
VisualStudioVersion = 17.13.35919.96
MinimumVisualStudioVersion = 10.0.40219.1
Project("{FAE04EC0-301F-11D3-BF4B-00C04F79EFBC}") = "UsersManagement", "UsersManagement\UsersManagement.csproj", "{4CE62B90-6A75-49B9-8850-86359D37B78A}"
EndProject
Project("{54A90642-561A-4BB1-A94E-469ADEE60C69}") = "UserClient", "UserClient\UserClient.esproj", "{333999BC-AF70-239C-BA51-91D084B3804B}"
EndProject
Global
	GlobalSection(SolutionConfigurationPlatforms) = preSolution
		Debug|Any CPU = Debug|Any CPU
		Release|Any CPU = Release|Any CPU
	EndGlobalSection
	GlobalSection(ProjectConfigurationPlatforms) = postSolution
		{4CE62B90-6A75-49B9-8850-86359D37B78A}.Debug|Any CPU.ActiveCfg = Debug|Any CPU
		{4CE62B90-6A75-49B9-8850-86359D37B78A}.Debug|Any CPU.Build.0 = Debug|Any CPU
		{4CE62B90-6A75-49B9-8850-86359D37B78A}.Release|Any CPU.ActiveCfg = Release|Any CPU
		{4CE62B90-6A75-49B9-8850-86359D37B78A}.Release|Any CPU.Build.0 = Release|Any CPU
		{333999BC-AF70-239C-BA51-91D084B3804B}.Debug|Any CPU.ActiveCfg = Debug|Any CPU
		{333999BC-AF70-239C-BA51-91D084B3804B}.Debug|Any CPU.Build.0 = Debug|Any CPU
		{333999BC-AF70-239C-BA51-91D084B3804B}.Debug|Any CPU.Deploy.0 = Debug|Any CPU
		{333999BC-AF70-239C-BA51-91D084B3804B}.Release|Any CPU.ActiveCfg = Release|Any CPU
		{333999BC-AF70-239C-BA51-91D084B3804B}.Release|Any CPU.Build.0 = Release|Any CPU
		{333999BC-AF70-239C-BA51-91D084B3804B}.Release|Any CPU.Deploy.0 = Release|Any CPU
	EndGlobalSection
	GlobalSection(SolutionProperties) = preSolution
		HideSolutionNode = FALSE
	EndGlobalSection
	GlobalSection(ExtensibilityGlobals) = postSolution
		SolutionGuid = {7F1C4F72-37E8-4D12-ABDF-B1BDE3330358}
	EndGlobalSection
EndGlobal
